
Microsoft Visual Studio Solution File, Format Version 12.00
# Visual Studio Version 16
VisualStudioVersion = 16.0.29306.81
MinimumVisualStudioVersion = 10.0.40219.1
Project("{FAE04EC0-301F-11D3-BF4B-00C04F79EFBC}") = "Task9", "Task9.csproj", "{46AC2853-D489-4192-BC8F-9A4936FC80AB}"
EndProject
Global
	GlobalSection(SolutionConfigurationPlatforms) = preSolution
		Debug|Any CPU = Debug|Any CPU
		Release|Any CPU = Release|Any CPU
	EndGlobalSection
	GlobalSection(ProjectConfigurationPlatforms) = postSolution
		{46AC2853-D489-4192-BC8F-9A4936FC80AB}.Debug|Any CPU.ActiveCfg = Debug|Any CPU
		{46AC2853-D489-4192-BC8F-9A4936FC80AB}.Debug|Any CPU.Build.0 = Debug|Any CPU
		{46AC2853-D489-4192-BC8F-9A4936FC80AB}.Release|Any CPU.ActiveCfg = Release|Any CPU
		{46AC2853-D489-4192-BC8F-9A4936FC80AB}.Release|Any CPU.Build.0 = Release|Any CPU
	EndGlobalSection
	GlobalSection(SolutionProperties) = preSolution
		HideSolutionNode = FALSE
	EndGlobalSection
	GlobalSection(ExtensibilityGlobals) = postSolution
		SolutionGuid = {AF56DE96-9601-4EDD-9F3C-99481BDEB584}
	EndGlobalSection
EndGlobal
