
Microsoft Visual Studio Solution File, Format Version 12.00
# Visual Studio Version 16
VisualStudioVersion = 16.0.29306.81
MinimumVisualStudioVersion = 10.0.40219.1
Project("{FAE04EC0-301F-11D3-BF4B-00C04F79EFBC}") = "Task1", "Task1.csproj", "{8C49D139-9552-494F-8E23-98291242EA0A}"
EndProject
Global
	GlobalSection(SolutionConfigurationPlatforms) = preSolution
		Debug|Any CPU = Debug|Any CPU
		Release|Any CPU = Release|Any CPU
	EndGlobalSection
	GlobalSection(ProjectConfigurationPlatforms) = postSolution
		{8C49D139-9552-494F-8E23-98291242EA0A}.Debug|Any CPU.ActiveCfg = Debug|Any CPU
		{8C49D139-9552-494F-8E23-98291242EA0A}.Debug|Any CPU.Build.0 = Debug|Any CPU
		{8C49D139-9552-494F-8E23-98291242EA0A}.Release|Any CPU.ActiveCfg = Release|Any CPU
		{8C49D139-9552-494F-8E23-98291242EA0A}.Release|Any CPU.Build.0 = Release|Any CPU
	EndGlobalSection
	GlobalSection(SolutionProperties) = preSolution
		HideSolutionNode = FALSE
	EndGlobalSection
	GlobalSection(ExtensibilityGlobals) = postSolution
		SolutionGuid = {3D16BF1C-C2D7-4E53-9862-7233519A24FD}
	EndGlobalSection
EndGlobal
